<?xml version="1.0" encoding="utf-8"?>
<Project ToolsVersion="4.0" xmlns="http://schemas.microsoft.com/developer/msbuild/2003">
  <ItemGroup>
    <Filter Include="Core">
      <UniqueIdentifier>{b0f6c948-5195-4f03-9775-9b42d9aeea70}</UniqueIdentifier>
    </Filter>
    <Filter Include="Core\Windows">
      <UniqueIdentifier>{07f0e7d0-b5be-48e3-bce6-50ab069d9434}</UniqueIdentifier>
    </Filter>
  </ItemGroup>
  <ItemGroup>
    <ClInclude Include="..\Core\NMApplication.h">
      <Filter>Core</Filter>
    </ClInclude>
    <ClInclude Include="..\Core\NMArchive.h">
      <Filter>Core</Filter>
    </ClInclude>
    <ClInclude Include="..\Core\NMBufferObject.h">
      <Filter>Core</Filter>
    </ClInclude>
    <ClInclude Include="..\Core\NMDefines.h">
      <Filter>Core</Filter>
    </ClInclude>
    <ClInclude Include="..\Core\NMEnums.h">
      <Filter>Core</Filter>
    </ClInclude>
    <ClInclude Include="..\Core\NMFormat.h">
      <Filter>Core</Filter>
    </ClInclude>
    <ClInclude Include="..\Core\NMGameSetting.h">
      <Filter>Core</Filter>
    </ClInclude>
    <ClInclude Include="..\Core\NMInputHandler.h">
      <Filter>Core</Filter>
    </ClInclude>
    <ClInclude Include="..\Core\NMMathLib.h">
      <Filter>Core</Filter>
    </ClInclude>
    <ClInclude Include="..\Core\NMMatrix4x4.h">
      <Filter>Core</Filter>
    </ClInclude>
    <ClInclude Include="..\Core\NMMemConfig.h">
      <Filter>Core</Filter>
    </ClInclude>
    <ClInclude Include="..\Core\NMMemJEMAlloc.h">
      <Filter>Core</Filter>
    </ClInclude>
    <ClInclude Include="..\Core\NMMemObjAlloc.h">
      <Filter>Core</Filter>
    </ClInclude>
    <ClInclude Include="..\Core\NMMemSTLAlloc.h">
      <Filter>Core</Filter>
    </ClInclude>
    <ClInclude Include="..\Core\NMMemTracker.h">
      <Filter>Core</Filter>
    </ClInclude>
    <ClInclude Include="..\Core\NMObject.h">
      <Filter>Core</Filter>
    </ClInclude>
    <ClInclude Include="..\Core\NMPlatform.h">
      <Filter>Core</Filter>
    </ClInclude>
    <ClInclude Include="..\Core\NMPredeclare.h">
      <Filter>Core</Filter>
    </ClInclude>
    <ClInclude Include="..\Core\NMQuaternion.h">
      <Filter>Core</Filter>
    </ClInclude>
    <ClInclude Include="..\Core\NMRenderSystem.h">
      <Filter>Core</Filter>
    </ClInclude>
    <ClInclude Include="..\Core\NMRoot.h">
      <Filter>Core</Filter>
    </ClInclude>
    <ClInclude Include="..\Core\NMStringUtils.h">
      <Filter>Core</Filter>
    </ClInclude>
    <ClInclude Include="..\Core\NMTextureObject.h">
      <Filter>Core</Filter>
    </ClInclude>
    <ClInclude Include="..\Core\NMTypes.h">
      <Filter>Core</Filter>
    </ClInclude>
    <ClInclude Include="..\Core\NMUtils.h">
      <Filter>Core</Filter>
    </ClInclude>
    <ClInclude Include="..\Core\NMVector2.h">
      <Filter>Core</Filter>
    </ClInclude>
    <ClInclude Include="..\Core\NMVector3.h">
      <Filter>Core</Filter>
    </ClInclude>
    <ClInclude Include="..\Core\NMVector4.h">
      <Filter>Core</Filter>
    </ClInclude>
    <ClInclude Include="..\Core\NMWindow.h">
      <Filter>Core</Filter>
    </ClInclude>
    <ClInclude Include="..\Core\NMWindowDesc.h">
      <Filter>Core</Filter>
    </ClInclude>
    <ClInclude Include="..\Core\Windows\NMWindowsApplication.h">
      <Filter>Core\Windows</Filter>
    </ClInclude>
    <ClInclude Include="..\Core\Windows\NMWindowsPlatform.h">
      <Filter>Core\Windows</Filter>
    </ClInclude>
    <ClInclude Include="..\Core\Windows\NMWindowsWindow.h">
      <Filter>Core\Windows</Filter>
    </ClInclude>
    <ClInclude Include="..\Core\Windows\NMLaunchWindows.h">
      <Filter>Core\Windows</Filter>
    </ClInclude>
    <ClInclude Include="..\Core\NMComponent.h">
      <Filter>Core</Filter>
    </ClInclude>
    <ClInclude Include="..\Core\NMGameObject.h">
      <Filter>Core</Filter>
    </ClInclude>
    <ClInclude Include="..\Core\NMTransform.h">
      <Filter>Core</Filter>
    </ClInclude>
    <ClInclude Include="..\Core\NMGameObjectManager.h">
      <Filter>Core</Filter>
    </ClInclude>
    <ClInclude Include="..\Core\NMModule.h">
      <Filter>Core</Filter>
    </ClInclude>
  </ItemGroup>
  <ItemGroup>
    <ClCompile Include="..\Core\NMArchive.cpp">
      <Filter>Core</Filter>
    </ClCompile>
    <ClCompile Include="..\Core\NMBufferObject.cpp">
      <Filter>Core</Filter>
    </ClCompile>
    <ClCompile Include="..\Core\NMMathLib.cpp">
      <Filter>Core</Filter>
    </ClCompile>
    <ClCompile Include="..\Core\NMMatrix4x4.cpp">
      <Filter>Core</Filter>
    </ClCompile>
    <ClCompile Include="..\Core\NMMemJEMAlloc.cpp">
      <Filter>Core</Filter>
    </ClCompile>
    <ClCompile Include="..\Core\NMMemTracker.cpp">
      <Filter>Core</Filter>
    </ClCompile>
    <ClCompile Include="..\Core\NMObject.cpp">
      <Filter>Core</Filter>
    </ClCompile>
    <ClCompile Include="..\Core\NMQuaternion.cpp">
      <Filter>Core</Filter>
    </ClCompile>
    <ClCompile Include="..\Core\NMRoot.cpp">
      <Filter>Core</Filter>
    </ClCompile>
    <ClCompile Include="..\Core\NMTextureObject.cpp">
      <Filter>Core</Filter>
    </ClCompile>
    <ClCompile Include="..\Core\NMVector2.cpp">
      <Filter>Core</Filter>
    </ClCompile>
    <ClCompile Include="..\Core\NMVector3.cpp">
      <Filter>Core</Filter>
    </ClCompile>
    <ClCompile Include="..\Core\NMVector4.cpp">
      <Filter>Core</Filter>
    </ClCompile>
    <ClCompile Include="..\Core\NMWindow.cpp">
      <Filter>Core</Filter>
    </ClCompile>
    <ClCompile Include="..\Core\NMApplication.cpp">
      <Filter>Core</Filter>
    </ClCompile>
    <ClCompile Include="..\Core\Windows\NMLaunchWindows.cpp">
      <Filter>Core\Windows</Filter>
    </ClCompile>
    <ClCompile Include="..\Core\Windows\NMWindowsApplication.cpp">
      <Filter>Core\Windows</Filter>
    </ClCompile>
    <ClCompile Include="..\Core\Windows\NMWindowsPlatform.cpp">
      <Filter>Core\Windows</Filter>
    </ClCompile>
    <ClCompile Include="..\Core\Windows\NMWindowsWindow.cpp">
      <Filter>Core\Windows</Filter>
    </ClCompile>
    <ClCompile Include="..\Core\NMComponent.cpp">
      <Filter>Core</Filter>
    </ClCompile>
    <ClCompile Include="..\Core\NMGameObject.cpp">
      <Filter>Core</Filter>
    </ClCompile>
    <ClCompile Include="..\Core\NMTransform.cpp">
      <Filter>Core</Filter>
    </ClCompile>
    <ClCompile Include="..\Core\NMGameObjectManager.cpp">
      <Filter>Core</Filter>
    </ClCompile>
  </ItemGroup>
</Project>